
Microsoft Visual Studio Solution File, Format Version 11.00
# Visual Studio 2010
Project("{FAE04EC0-301F-11D3-BF4B-00C04F79EFBC}") = "ITITeaching.StringCalculator.Domain", "ITITeaching.StringCalculator.Domain\ITITeaching.StringCalculator.Domain.csproj", "{949ED466-DBC9-4414-AA36-5CFCCCC3CCB8}"
EndProject
Project("{FAE04EC0-301F-11D3-BF4B-00C04F79EFBC}") = "ITITeaching.StringCalculator.Tests", "ITITeaching.StringCalculator.Tests\ITITeaching.StringCalculator.Tests.csproj", "{2AF14863-3B71-4F41-99F0-41FCA06A79A6}"
EndProject
Project("{2150E333-8FDC-42A3-9474-1A3956D46DE8}") = "Solution Items", "Solution Items", "{9496DD73-8377-48DB-A469-B4A6DC03FA29}"
	ProjectSection(SolutionItems) = preProject
		ITITeaching.StringCalculator.vsmdi = ITITeaching.StringCalculator.vsmdi
		Local.testsettings = Local.testsettings
		TraceAndTestImpact.testsettings = TraceAndTestImpact.testsettings
	EndProjectSection
EndProject
Global
	GlobalSection(TestCaseManagementSettings) = postSolution
		CategoryFile = ITITeaching.StringCalculator.vsmdi
	EndGlobalSection
	GlobalSection(SolutionConfigurationPlatforms) = preSolution
		Debug|Any CPU = Debug|Any CPU
		Release|Any CPU = Release|Any CPU
	EndGlobalSection
	GlobalSection(ProjectConfigurationPlatforms) = postSolution
		{949ED466-DBC9-4414-AA36-5CFCCCC3CCB8}.Debug|Any CPU.ActiveCfg = Debug|Any CPU
		{949ED466-DBC9-4414-AA36-5CFCCCC3CCB8}.Debug|Any CPU.Build.0 = Debug|Any CPU
		{949ED466-DBC9-4414-AA36-5CFCCCC3CCB8}.Release|Any CPU.ActiveCfg = Release|Any CPU
		{949ED466-DBC9-4414-AA36-5CFCCCC3CCB8}.Release|Any CPU.Build.0 = Release|Any CPU
		{2AF14863-3B71-4F41-99F0-41FCA06A79A6}.Debug|Any CPU.ActiveCfg = Debug|Any CPU
		{2AF14863-3B71-4F41-99F0-41FCA06A79A6}.Debug|Any CPU.Build.0 = Debug|Any CPU
		{2AF14863-3B71-4F41-99F0-41FCA06A79A6}.Release|Any CPU.ActiveCfg = Release|Any CPU
		{2AF14863-3B71-4F41-99F0-41FCA06A79A6}.Release|Any CPU.Build.0 = Release|Any CPU
	EndGlobalSection
	GlobalSection(SolutionProperties) = preSolution
		HideSolutionNode = FALSE
	EndGlobalSection
EndGlobal
